
Microsoft Visual Studio Solution File, Format Version 12.00
# Visual Studio Version 17
VisualStudioVersion = 17.6.33815.320
MinimumVisualStudioVersion = 10.0.40219.1
Project("{FAE04EC0-301F-11D3-BF4B-00C04F79EFBC}") = "Lab1ex9", "Lab1ex9\Lab1ex9.csproj", "{58FE03C8-4487-4CF8-BC61-AE59263281B7}"
EndProject
Global
	GlobalSection(SolutionConfigurationPlatforms) = preSolution
		Debug|Any CPU = Debug|Any CPU
		Release|Any CPU = Release|Any CPU
	EndGlobalSection
	GlobalSection(ProjectConfigurationPlatforms) = postSolution
		{58FE03C8-4487-4CF8-BC61-AE59263281B7}.Debug|Any CPU.ActiveCfg = Debug|Any CPU
		{58FE03C8-4487-4CF8-BC61-AE59263281B7}.Debug|Any CPU.Build.0 = Debug|Any CPU
		{58FE03C8-4487-4CF8-BC61-AE59263281B7}.Release|Any CPU.ActiveCfg = Release|Any CPU
		{58FE03C8-4487-4CF8-BC61-AE59263281B7}.Release|Any CPU.Build.0 = Release|Any CPU
	EndGlobalSection
	GlobalSection(SolutionProperties) = preSolution
		HideSolutionNode = FALSE
	EndGlobalSection
	GlobalSection(ExtensibilityGlobals) = postSolution
		SolutionGuid = {0CA47D8C-06FA-4171-A3CA-19744D654C0B}
	EndGlobalSection
EndGlobal
